
Microsoft Visual Studio Solution File, Format Version 12.00
# Visual Studio Version 16
VisualStudioVersion = 16.0.32126.315
MinimumVisualStudioVersion = 10.0.40219.1
Project("{9A19103F-16F7-4668-BE54-9A1E7A4F7556}") = "WpfApp", "WpfApp\WpfApp.csproj", "{D4B21755-CF66-4B68-84C8-5B42DA19C2B0}"
EndProject
Project("{9A19103F-16F7-4668-BE54-9A1E7A4F7556}") = "Tests", "Tests\Tests.csproj", "{EA270B40-D9B2-4FE2-88B8-6AA1949DC4BD}"
EndProject
Project("{FAE04EC0-301F-11D3-BF4B-00C04F79EFBC}") = "Model", "Model\Model.csproj", "{A00256EC-A108-4DF9-966A-36D7D282EF40}"
EndProject
Global
	GlobalSection(SolutionConfigurationPlatforms) = preSolution
		Debug|Any CPU = Debug|Any CPU
		Release|Any CPU = Release|Any CPU
	EndGlobalSection
	GlobalSection(ProjectConfigurationPlatforms) = postSolution
		{D4B21755-CF66-4B68-84C8-5B42DA19C2B0}.Debug|Any CPU.ActiveCfg = Debug|Any CPU
		{D4B21755-CF66-4B68-84C8-5B42DA19C2B0}.Debug|Any CPU.Build.0 = Debug|Any CPU
		{D4B21755-CF66-4B68-84C8-5B42DA19C2B0}.Release|Any CPU.ActiveCfg = Release|Any CPU
		{D4B21755-CF66-4B68-84C8-5B42DA19C2B0}.Release|Any CPU.Build.0 = Release|Any CPU
		{EA270B40-D9B2-4FE2-88B8-6AA1949DC4BD}.Debug|Any CPU.ActiveCfg = Debug|Any CPU
		{EA270B40-D9B2-4FE2-88B8-6AA1949DC4BD}.Debug|Any CPU.Build.0 = Debug|Any CPU
		{EA270B40-D9B2-4FE2-88B8-6AA1949DC4BD}.Release|Any CPU.ActiveCfg = Release|Any CPU
		{EA270B40-D9B2-4FE2-88B8-6AA1949DC4BD}.Release|Any CPU.Build.0 = Release|Any CPU
		{A00256EC-A108-4DF9-966A-36D7D282EF40}.Debug|Any CPU.ActiveCfg = Debug|Any CPU
		{A00256EC-A108-4DF9-966A-36D7D282EF40}.Debug|Any CPU.Build.0 = Debug|Any CPU
		{A00256EC-A108-4DF9-966A-36D7D282EF40}.Release|Any CPU.ActiveCfg = Release|Any CPU
		{A00256EC-A108-4DF9-966A-36D7D282EF40}.Release|Any CPU.Build.0 = Release|Any CPU
	EndGlobalSection
	GlobalSection(SolutionProperties) = preSolution
		HideSolutionNode = FALSE
	EndGlobalSection
	GlobalSection(ExtensibilityGlobals) = postSolution
		SolutionGuid = {4C3E0A8D-5B43-4F43-A0A1-91E77B079673}
	EndGlobalSection
EndGlobal
